Microsoft Visual Studio Solution File, Format Version 12.00
# Visual Studio Version 16
VisualStudioVersion = 16.0.30114.105
MinimumVisualStudioVersion = 10.0.40219.1
Project("{8BC9CEB8-8B4A-11D0-8D11-00A0C91BC942}") = "Compiler", "Compiler.vcxproj", "{C9E2D3C0-4552-49EC-9A56-F3B4DD0FC304}"
EndProject
Project("{2150E333-8FDC-42A3-9474-1A3956D46DE8}") = "Github", "Github", "{3C4FD321-9E1A-4070-A23B-187685B3A92E}"
	ProjectSection(SolutionItems) = preProject
		..\.gitignore = ..\.gitignore
		..\LICENSE = ..\LICENSE
		..\README.md = ..\README.md
	EndProjectSection
EndProject
Global
	GlobalSection(SolutionConfigurationPlatforms) = preSolution
		Debug|x64 = Debug|x64
		Debug|x86 = Debug|x86
		Release|x64 = Release|x64
		Release|x86 = Release|x86
	EndGlobalSection
	GlobalSection(ProjectConfigurationPlatforms) = postSolution
		{C9E2D3C0-4552-49EC-9A56-F3B4DD0FC304}.Debug|x64.ActiveCfg = Debug|x64
		{C9E2D3C0-4552-49EC-9A56-F3B4DD0FC304}.Debug|x64.Build.0 = Debug|x64
		{C9E2D3C0-4552-49EC-9A56-F3B4DD0FC304}.Debug|x86.ActiveCfg = Debug|Win32
		{C9E2D3C0-4552-49EC-9A56-F3B4DD0FC304}.Debug|x86.Build.0 = Debug|Win32
		{C9E2D3C0-4552-49EC-9A56-F3B4DD0FC304}.Release|x64.ActiveCfg = Release|x64
		{C9E2D3C0-4552-49EC-9A56-F3B4DD0FC304}.Release|x64.Build.0 = Release|x64
		{C9E2D3C0-4552-49EC-9A56-F3B4DD0FC304}.Release|x86.ActiveCfg = Release|Win32
		{C9E2D3C0-4552-49EC-9A56-F3B4DD0FC304}.Release|x86.Build.0 = Release|Win32
	EndGlobalSection
	GlobalSection(SolutionProperties) = preSolution
		HideSolutionNode = FALSE
	EndGlobalSection
	GlobalSection(ExtensibilityGlobals) = postSolution
		SolutionGuid = {A7871DAB-8A9B-4D81-9013-D60BC61F081F}
	EndGlobalSection
EndGlobal
